<?xml version="1.0" encoding="utf-8"?>
<Project ToolsVersion="4.0" xmlns="http://schemas.microsoft.com/developer/msbuild/2003">
  <ItemGroup>
    <Filter Include="MapManager">
      <UniqueIdentifier>{0cce0dc8-73ba-4dcf-9904-483a968e8dc7}</UniqueIdentifier>
    </Filter>
    <Filter Include="ChunkManager">
      <UniqueIdentifier>{d24bd61f-8d93-4493-8a54-416079008152}</UniqueIdentifier>
    </Filter>
    <Filter Include="BlockManager">
      <UniqueIdentifier>{583d08aa-dc4c-45dd-b1ae-a1dfad5065c2}</UniqueIdentifier>
    </Filter>
    <Filter Include="PositionManager">
      <UniqueIdentifier>{743f1084-cd3e-4f84-8fe4-9454d6f7d219}</UniqueIdentifier>
    </Filter>
  </ItemGroup>
  <ItemGroup>
    <ClInclude Include="..\Mystical Land\MapManager.h">
      <Filter>MapManager</Filter>
    </ClInclude>
    <ClInclude Include="ChunkManager.h">
      <Filter>ChunkManager</Filter>
    </ClInclude>
    <ClInclude Include="BlockManager.h">
      <Filter>BlockManager</Filter>
    </ClInclude>
    <ClInclude Include="PositionManager.h">
      <Filter>PositionManager</Filter>
    </ClInclude>
    <ClInclude Include="WorldManager.h" />
  </ItemGroup>
  <ItemGroup>
    <ClCompile Include="Block.cpp">
      <Filter>BlockManager</Filter>
    </ClCompile>
    <ClCompile Include="Location.cpp">
      <Filter>PositionManager</Filter>
    </ClCompile>
  </ItemGroup>
</Project>